
Microsoft Visual Studio Solution File, Format Version 12.00
Project("{FAE04EC0-301F-11D3-BF4B-00C04F79EFBC}") = "LR1", "LR1\LR1.csproj", "{51741849-2718-411E-85BE-52132DA41025}"
EndProject
Global
	GlobalSection(SolutionConfigurationPlatforms) = preSolution
		Debug|Any CPU = Debug|Any CPU
		Release|Any CPU = Release|Any CPU
	EndGlobalSection
	GlobalSection(ProjectConfigurationPlatforms) = postSolution
		{51741849-2718-411E-85BE-52132DA41025}.Debug|Any CPU.ActiveCfg = Debug|Any CPU
		{51741849-2718-411E-85BE-52132DA41025}.Debug|Any CPU.Build.0 = Debug|Any CPU
		{51741849-2718-411E-85BE-52132DA41025}.Release|Any CPU.ActiveCfg = Release|Any CPU
		{51741849-2718-411E-85BE-52132DA41025}.Release|Any CPU.Build.0 = Release|Any CPU
	EndGlobalSection
EndGlobal
